// !$*UTF8*$!
{
	archiveVersion = 1;
	classes = {
	};
	objectVersion = 55;
	objects = {

/* Begin PBXBuildFile section */
		AD84201928E74085009CCBF2 /* WonderfulPaletteTests.swift in Sources */ = {isa = PBXBuildFile; fileRef = AD84201828E74085009CCBF2 /* WonderfulPaletteTests.swift */; };
		ADC133F128E3D86300F979E2 /* WonderfulPaletteApp.swift in Sources */ = {isa = PBXBuildFile; fileRef = ADC133E128E3D86100F979E2 /* WonderfulPaletteApp.swift */; };
		ADC133F328E3D86300F979E2 /* ContentView.swift in Sources */ = {isa = PBXBuildFile; fileRef = ADC133E228E3D86100F979E2 /* ContentView.swift */; };
		ADC133F528E3D86300F979E2 /* Assets.xcassets in Resources */ = {isa = PBXBuildFile; fileRef = ADC133E328E3D86300F979E2 /* Assets.xcassets */; };
		ADC1340428E5231400F979E2 /* Color+Extension.swift in Sources */ = {isa = PBXBuildFile; fileRef = ADC1340328E5231400F979E2 /* Color+Extension.swift */; };
/* End PBXBuildFile section */

/* Begin PBXContainerItemProxy section */
		AD84201A28E74085009CCBF2 /* PBXContainerItemProxy */ = {
			isa = PBXContainerItemProxy;
			containerPortal = ADC133DC28E3D86100F979E2 /* Project object */;
			proxyType = 1;
			remoteGlobalIDString = ADC133E728E3D86300F979E2;
			remoteInfo = "WonderfulPalette (iOS)";
		};
/* End PBXContainerItemProxy section */

/* Begin PBXFileReference section */
		AD84201628E74085009CCBF2 /* WonderfulPaletteTests.xctest */ = {isa = PBXFileReference; explicitFileType = wrapper.cfbundle; includeInIndex = 0; path = WonderfulPaletteTests.xctest; sourceTree = BUILT_PRODUCTS_DIR; };
		AD84201828E74085009CCBF2 /* WonderfulPaletteTests.swift */ = {isa = PBXFileReference; lastKnownFileType = sourcecode.swift; path = WonderfulPaletteTests.swift; sourceTree = "<group>"; };
		ADC133E128E3D86100F979E2 /* WonderfulPaletteApp.swift */ = {isa = PBXFileReference; lastKnownFileType = sourcecode.swift; path = WonderfulPaletteApp.swift; sourceTree = "<group>"; };
		ADC133E228E3D86100F979E2 /* ContentView.swift */ = {isa = PBXFileReference; lastKnownFileType = sourcecode.swift; path = ContentView.swift; sourceTree = "<group>"; };
		ADC133E328E3D86300F979E2 /* Assets.xcassets */ = {isa = PBXFileReference; lastKnownFileType = folder.assetcatalog; path = Assets.xcassets; sourceTree = "<group>"; };
		ADC133E828E3D86300F979E2 /* WonderfulPalette.app */ = {isa = PBXFileReference; explicitFileType = wrapper.application; includeInIndex = 0; path = WonderfulPalette.app; sourceTree = BUILT_PRODUCTS_DIR; };
		ADC1340328E5231400F979E2 /* Color+Extension.swift */ = {isa = PBXFileReference; lastKnownFileType = sourcecode.swift; path = "Color+Extension.swift"; sourceTree = "<group>"; };
/* End PBXFileReference section */

/* Begin PBXFrameworksBuildPhase section */
		AD84201328E74085009CCBF2 /* Frameworks */ = {
			isa = PBXFrameworksBuildPhase;
			buildActionMask = 2147483647;
			files = (
			);
			runOnlyForDeploymentPostprocessing = 0;
		};
		ADC133E528E3D86300F979E2 /* Frameworks */ = {
			isa = PBXFrameworksBuildPhase;
			buildActionMask = 2147483647;
			files = (
			);
			runOnlyForDeploymentPostprocessing = 0;
		};
/* End PBXFrameworksBuildPhase section */

/* Begin PBXGroup section */
		AD84201728E74085009CCBF2 /* WonderfulPaletteTests */ = {
			isa = PBXGroup;
			children = (
				AD84201F28E740A9009CCBF2 /* Color+Extension */,
			);
			path = WonderfulPaletteTests;
			sourceTree = "<group>";
		};
		AD84201F28E740A9009CCBF2 /* Color+Extension */ = {
			isa = PBXGroup;
			children = (
				AD84201828E74085009CCBF2 /* WonderfulPaletteTests.swift */,
			);
			path = "Color+Extension";
			sourceTree = "<group>";
		};
		ADC133DB28E3D86100F979E2 = {
			isa = PBXGroup;
			children = (
				ADC133E028E3D86100F979E2 /* Shared */,
				AD84201728E74085009CCBF2 /* WonderfulPaletteTests */,
				ADC133E928E3D86300F979E2 /* Products */,
			);
			sourceTree = "<group>";
		};
		ADC133E028E3D86100F979E2 /* Shared */ = {
			isa = PBXGroup;
			children = (
				ADC1340228E5230000F979E2 /* Helper */,
				ADC1340128E3D90000F979E2 /* ViewModel */,
				ADC1340028E3D8FC00F979E2 /* View */,
				ADC133FF28E3D8F300F979E2 /* Model */,
				ADC133E128E3D86100F979E2 /* WonderfulPaletteApp.swift */,
				ADC133E228E3D86100F979E2 /* ContentView.swift */,
				ADC133E328E3D86300F979E2 /* Assets.xcassets */,
			);
			path = Shared;
			sourceTree = "<group>";
		};
		ADC133E928E3D86300F979E2 /* Products */ = {
			isa = PBXGroup;
			children = (
				ADC133E828E3D86300F979E2 /* WonderfulPalette.app */,
				AD84201628E74085009CCBF2 /* WonderfulPaletteTests.xctest */,
			);
			name = Products;
			sourceTree = "<group>";
		};
		ADC133FF28E3D8F300F979E2 /* Model */ = {
			isa = PBXGroup;
			children = (
			);
			path = Model;
			sourceTree = "<group>";
		};
		ADC1340028E3D8FC00F979E2 /* View */ = {
			isa = PBXGroup;
			children = (
			);
			path = View;
			sourceTree = "<group>";
		};
		ADC1340128E3D90000F979E2 /* ViewModel */ = {
			isa = PBXGroup;
			children = (
			);
			path = ViewModel;
			sourceTree = "<group>";
		};
		ADC1340228E5230000F979E2 /* Helper */ = {
			isa = PBXGroup;
			children = (
				ADC1340328E5231400F979E2 /* Color+Extension.swift */,
			);
			path = Helper;
			sourceTree = "<group>";
		};
/* End PBXGroup section */

/* Begin PBXNativeTarget section */
		AD84201528E74085009CCBF2 /* WonderfulPaletteTests */ = {
			isa = PBXNativeTarget;
			buildConfigurationList = AD84201C28E74085009CCBF2 /* Build configuration list for PBXNativeTarget "WonderfulPaletteTests" */;
			buildPhases = (
				AD84201228E74085009CCBF2 /* Sources */,
				AD84201328E74085009CCBF2 /* Frameworks */,
				AD84201428E74085009CCBF2 /* Resources */,
			);
			buildRules = (
			);
			dependencies = (
				AD84201B28E74085009CCBF2 /* PBXTargetDependency */,
			);
			name = WonderfulPaletteTests;
			productName = WonderfulPaletteTests;
			productReference = AD84201628E74085009CCBF2 /* WonderfulPaletteTests.xctest */;
			productType = "com.apple.product-type.bundle.unit-test";
		};
		ADC133E728E3D86300F979E2 /* WonderfulPalette (iOS) */ = {
			isa = PBXNativeTarget;
			buildConfigurationList = ADC133F928E3D86300F979E2 /* Build configuration list for PBXNativeTarget "WonderfulPalette (iOS)" */;
			buildPhases = (
				ADC133E428E3D86300F979E2 /* Sources */,
				ADC133E528E3D86300F979E2 /* Frameworks */,
				ADC133E628E3D86300F979E2 /* Resources */,
				ADC1340528E6841A00F979E2 /* Swiftlint */,
			);
			buildRules = (
			);
			dependencies = (
			);
			name = "WonderfulPalette (iOS)";
			productName = "WonderfulPalette (iOS)";
			productReference = ADC133E828E3D86300F979E2 /* WonderfulPalette.app */;
			productType = "com.apple.product-type.application";
		};
/* End PBXNativeTarget section */

/* Begin PBXProject section */
		ADC133DC28E3D86100F979E2 /* Project object */ = {
			isa = PBXProject;
			attributes = {
				BuildIndependentTargetsInParallel = 1;
				LastSwiftUpdateCheck = 1340;
				LastUpgradeCheck = 1340;
				TargetAttributes = {
					AD84201528E74085009CCBF2 = {
						CreatedOnToolsVersion = 13.4.1;
						TestTargetID = ADC133E728E3D86300F979E2;
					};
					ADC133E728E3D86300F979E2 = {
						CreatedOnToolsVersion = 13.4.1;
					};
				};
			};
			buildConfigurationList = ADC133DF28E3D86100F979E2 /* Build configuration list for PBXProject "WonderfulPalette" */;
			compatibilityVersion = "Xcode 13.0";
			developmentRegion = en;
			hasScannedForEncodings = 0;
			knownRegions = (
				en,
				Base,
			);
			mainGroup = ADC133DB28E3D86100F979E2;
			productRefGroup = ADC133E928E3D86300F979E2 /* Products */;
			projectDirPath = "";
			projectRoot = "";
			targets = (
				ADC133E728E3D86300F979E2 /* WonderfulPalette (iOS) */,
				AD84201528E74085009CCBF2 /* WonderfulPaletteTests */,
			);
		};
/* End PBXProject section */

/* Begin PBXResourcesBuildPhase section */
		AD84201428E74085009CCBF2 /* Resources */ = {
			isa = PBXResourcesBuildPhase;
			buildActionMask = 2147483647;
			files = (
			);
			runOnlyForDeploymentPostprocessing = 0;
		};
		ADC133E628E3D86300F979E2 /* Resources */ = {
			isa = PBXResourcesBuildPhase;
			buildActionMask = 2147483647;
			files = (
				ADC133F528E3D86300F979E2 /* Assets.xcassets in Resources */,
			);
			runOnlyForDeploymentPostprocessing = 0;
		};
/* End PBXResourcesBuildPhase section */

/* Begin PBXShellScriptBuildPhase section */
		ADC1340528E6841A00F979E2 /* Swiftlint */ = {
			isa = PBXShellScriptBuildPhase;
			buildActionMask = 2147483647;
			files = (
			);
			inputFileListPaths = (
			);
			inputPaths = (
			);
			name = Swiftlint;
			outputFileListPaths = (
			);
			outputPaths = (
			);
			runOnlyForDeploymentPostprocessing = 0;
			shellPath = /bin/sh;
			shellScript = "export PATH=\"$PATH:/opt/homebrew/bin\"\nif which swiftlint > /dev/null; then\n  swiftlint\nelse\n  echo \"warning: SwiftLint not installed, download from https://github.com/realm/SwiftLint\"\nfi\n";
		};
/* End PBXShellScriptBuildPhase section */

/* Begin PBXSourcesBuildPhase section */
		AD84201228E74085009CCBF2 /* Sources */ = {
			isa = PBXSourcesBuildPhase;
			buildActionMask = 2147483647;
			files = (
				AD84201928E74085009CCBF2 /* WonderfulPaletteTests.swift in Sources */,
			);
			runOnlyForDeploymentPostprocessing = 0;
		};
		ADC133E428E3D86300F979E2 /* Sources */ = {
			isa = PBXSourcesBuildPhase;
			buildActionMask = 2147483647;
			files = (
				ADC133F328E3D86300F979E2 /* ContentView.swift in Sources */,
				ADC1340428E5231400F979E2 /* Color+Extension.swift in Sources */,
				ADC133F128E3D86300F979E2 /* WonderfulPaletteApp.swift in Sources */,
			);
			runOnlyForDeploymentPostprocessing = 0;
		};
/* End PBXSourcesBuildPhase section */

/* Begin PBXTargetDependency section */
		AD84201B28E74085009CCBF2 /* PBXTargetDependency */ = {
			isa = PBXTargetDependency;
			target = ADC133E728E3D86300F979E2 /* WonderfulPalette (iOS) */;
			targetProxy = AD84201A28E74085009CCBF2 /* PBXContainerItemProxy */;
		};
/* End PBXTargetDependency section */

/* Begin XCBuildConfiguration section */
		AD84201D28E74085009CCBF2 /* Debug */ = {
			isa = XCBuildConfiguration;
			buildSettings = {
				BUNDLE_LOADER = "$(TEST_HOST)";
				CODE_SIGN_STYLE = Automatic;
				CURRENT_PROJECT_VERSION = 1;
				DEVELOPMENT_TEAM = 9S84Q43P56;
				GENERATE_INFOPLIST_FILE = YES;
				IPHONEOS_DEPLOYMENT_TARGET = 15.5;
				MARKETING_VERSION = 1.0;
				PRODUCT_BUNDLE_IDENTIFIER = "hung-chun.tsai.WonderfulPaletteTests";
				PRODUCT_NAME = "$(TARGET_NAME)";
				SDKROOT = iphoneos;
				SWIFT_EMIT_LOC_STRINGS = NO;
				SWIFT_VERSION = 5.0;
				TARGETED_DEVICE_FAMILY = "1,2";
				TEST_HOST = "$(BUILT_PRODUCTS_DIR)/WonderfulPalette.app/WonderfulPalette";
			};
			name = Debug;
		};
		AD84201E28E74085009CCBF2 /* Release */ = {
			isa = XCBuildConfiguration;
			buildSettings = {
				BUNDLE_LOADER = "$(TEST_HOST)";
				CODE_SIGN_STYLE = Automatic;
				CURRENT_PROJECT_VERSION = 1;
				DEVELOPMENT_TEAM = 9S84Q43P56;
				GENERATE_INFOPLIST_FILE = YES;
				IPHONEOS_DEPLOYMENT_TARGET = 15.5;
				MARKETING_VERSION = 1.0;
				PRODUCT_BUNDLE_IDENTIFIER = "hung-chun.tsai.WonderfulPaletteTests";
				PRODUCT_NAME = "$(TARGET_NAME)";
				SDKROOT = iphoneos;
				SWIFT_EMIT_LOC_STRINGS = NO;
				SWIFT_VERSION = 5.0;
				TARGETED_DEVICE_FAMILY = "1,2";
				TEST_HOST = "$(BUILT_PRODUCTS_DIR)/WonderfulPalette.app/WonderfulPalette";
				VALIDATE_PRODUCT = YES;
			};
			name = Release;
		};
		ADC133F728E3D86300F979E2 /* Debug */ = {
			isa = XCBuildConfiguration;
			buildSettings = {
				ALWAYS_SEARCH_USER_PATHS = NO;
				CLANG_ANALYZER_NONNULL = YES;
				CLANG_ANALYZER_NUMBER_OBJECT_CONVERSION = YES_AGGRESSIVE;
				CLANG_CXX_LANGUAGE_STANDARD = "gnu++17";
				CLANG_ENABLE_MODULES = YES;
				CLANG_ENABLE_OBJC_ARC = YES;
				CLANG_ENABLE_OBJC_WEAK = YES;
				CLANG_WARN_BLOCK_CAPTURE_AUTORELEASING = YES;
				CLANG_WARN_BOOL_CONVERSION = YES;
				CLANG_WARN_COMMA = YES;
				CLANG_WARN_CONSTANT_CONVERSION = YES;
				CLANG_WARN_DEPRECATED_OBJC_IMPLEMENTATIONS = YES;
				CLANG_WARN_DIRECT_OBJC_ISA_USAGE = YES_ERROR;
				CLANG_WARN_DOCUMENTATION_COMMENTS = YES;
				CLANG_WARN_EMPTY_BODY = YES;
				CLANG_WARN_ENUM_CONVERSION = YES;
				CLANG_WARN_INFINITE_RECURSION = YES;
				CLANG_WARN_INT_CONVERSION = YES;
				CLANG_WARN_NON_LITERAL_NULL_CONVERSION = YES;
				CLANG_WARN_OBJC_IMPLICIT_RETAIN_SELF = YES;
				CLANG_WARN_OBJC_LITERAL_CONVERSION = YES;
				CLANG_WARN_OBJC_ROOT_CLASS = YES_ERROR;
				CLANG_WARN_QUOTED_INCLUDE_IN_FRAMEWORK_HEADER = YES;
				CLANG_WARN_RANGE_LOOP_ANALYSIS = YES;
				CLANG_WARN_STRICT_PROTOTYPES = YES;
				CLANG_WARN_SUSPICIOUS_MOVE = YES;
				CLANG_WARN_UNGUARDED_AVAILABILITY = YES_AGGRESSIVE;
				CLANG_WARN_UNREACHABLE_CODE = YES;
				CLANG_WARN__DUPLICATE_METHOD_MATCH = YES;
				COPY_PHASE_STRIP = NO;
				DEBUG_INFORMATION_FORMAT = dwarf;
				ENABLE_STRICT_OBJC_MSGSEND = YES;
				ENABLE_TESTABILITY = YES;
				GCC_C_LANGUAGE_STANDARD = gnu11;
				GCC_DYNAMIC_NO_PIC = NO;
				GCC_NO_COMMON_BLOCKS = YES;
				GCC_OPTIMIZATION_LEVEL = 0;
				GCC_PREPROCESSOR_DEFINITIONS = (
					"DEBUG=1",
					"$(inherited)",
				);
				GCC_WARN_64_TO_32_BIT_CONVERSION = YES;
				GCC_WARN_ABOUT_RETURN_TYPE = YES_ERROR;
				GCC_WARN_UNDECLARED_SELECTOR = YES;
				GCC_WARN_UNINITIALIZED_AUTOS = YES_AGGRESSIVE;
				GCC_WARN_UNUSED_FUNCTION = YES;
				GCC_WARN_UNUSED_VARIABLE = YES;
				MTL_ENABLE_DEBUG_INFO = INCLUDE_SOURCE;
				MTL_FAST_MATH = YES;
				ONLY_ACTIVE_ARCH = YES;
				SWIFT_ACTIVE_COMPILATION_CONDITIONS = DEBUG;
				SWIFT_OPTIMIZATION_LEVEL = "-Onone";
			};
			name = Debug;
		};
		ADC133F828E3D86300F979E2 /* Release */ = {
			isa = XCBuildConfiguration;
			buildSettings = {
				ALWAYS_SEARCH_USER_PATHS = NO;
				CLANG_ANALYZER_NONNULL = YES;
				CLANG_ANALYZER_NUMBER_OBJECT_CONVERSION = YES_AGGRESSIVE;
				CLANG_CXX_LANGUAGE_STANDARD = "gnu++17";
				CLANG_ENABLE_MODULES = YES;
				CLANG_ENABLE_OBJC_ARC = YES;
				CLANG_ENABLE_OBJC_WEAK = YES;
				CLANG_WARN_BLOCK_CAPTURE_AUTORELEASING = YES;
				CLANG_WARN_BOOL_CONVERSION = YES;
				CLANG_WARN_COMMA = YES;
				CLANG_WARN_CONSTANT_CONVERSION = YES;
				CLANG_WARN_DEPRECATED_OBJC_IMPLEMENTATIONS = YES;
				CLANG_WARN_DIRECT_OBJC_ISA_USAGE = YES_ERROR;
				CLANG_WARN_DOCUMENTATION_COMMENTS = YES;
				CLANG_WARN_EMPTY_BODY = YES;
				CLANG_WARN_ENUM_CONVERSION = YES;
				CLANG_WARN_INFINITE_RECURSION = YES;
				CLANG_WARN_INT_CONVERSION = YES;
				CLANG_WARN_NON_LITERAL_NULL_CONVERSION = YES;
				CLANG_WARN_OBJC_IMPLICIT_RETAIN_SELF = YES;
				CLANG_WARN_OBJC_LITERAL_CONVERSION = YES;
				CLANG_WARN_OBJC_ROOT_CLASS = YES_ERROR;
				CLANG_WARN_QUOTED_INCLUDE_IN_FRAMEWORK_HEADER = YES;
				CLANG_WARN_RANGE_LOOP_ANALYSIS = YES;
				CLANG_WARN_STRICT_PROTOTYPES = YES;
				CLANG_WARN_SUSPICIOUS_MOVE = YES;
				CLANG_WARN_UNGUARDED_AVAILABILITY = YES_AGGRESSIVE;
				CLANG_WARN_UNREACHABLE_CODE = YES;
				CLANG_WARN__DUPLICATE_METHOD_MATCH = YES;
				COPY_PHASE_STRIP = NO;
				DEBUG_INFORMATION_FORMAT = "dwarf-with-dsym";
				ENABLE_NS_ASSERTIONS = NO;
				ENABLE_STRICT_OBJC_MSGSEND = YES;
				GCC_C_LANGUAGE_STANDARD = gnu11;
				GCC_NO_COMMON_BLOCKS = YES;
				GCC_WARN_64_TO_32_BIT_CONVERSION = YES;
				GCC_WARN_ABOUT_RETURN_TYPE = YES_ERROR;
				GCC_WARN_UNDECLARED_SELECTOR = YES;
				GCC_WARN_UNINITIALIZED_AUTOS = YES_AGGRESSIVE;
				GCC_WARN_UNUSED_FUNCTION = YES;
				GCC_WARN_UNUSED_VARIABLE = YES;
				MTL_ENABLE_DEBUG_INFO = NO;
				MTL_FAST_MATH = YES;
				SWIFT_COMPILATION_MODE = wholemodule;
				SWIFT_OPTIMIZATION_LEVEL = "-O";
			};
			name = Release;
		};
		ADC133FA28E3D86300F979E2 /* Debug */ = {
			isa = XCBuildConfiguration;
			buildSettings = {
				ASSETCATALOG_COMPILER_APPICON_NAME = AppIcon;
				ASSETCATALOG_COMPILER_GLOBAL_ACCENT_COLOR_NAME = AccentColor;
				CODE_SIGN_STYLE = Automatic;
				CURRENT_PROJECT_VERSION = 1;
				DEVELOPMENT_TEAM = 9S84Q43P56;
				ENABLE_PREVIEWS = YES;
				GENERATE_INFOPLIST_FILE = YES;
				INFOPLIST_KEY_UIApplicationSceneManifest_Generation = YES;
				INFOPLIST_KEY_UIApplicationSupportsIndirectInputEvents = YES;
				INFOPLIST_KEY_UILaunchScreen_Generation = YES;
				INFOPLIST_KEY_UISupportedInterfaceOrientations_iPad = "UIInterfaceOrientationPortrait UIInterfaceOrientationPortraitUpsideDown UIInterfaceOrientationLandscapeLeft UIInterfaceOrientationLandscapeRight";
				INFOPLIST_KEY_UISupportedInterfaceOrientations_iPhone = "UIInterfaceOrientationPortrait UIInterfaceOrientationLandscapeLeft UIInterfaceOrientationLandscapeRight";
				IPHONEOS_DEPLOYMENT_TARGET = 15.2;
				LD_RUNPATH_SEARCH_PATHS = (
					"$(inherited)",
					"@executable_path/Frameworks",
				);
				MARKETING_VERSION = 1.0;
				PRODUCT_BUNDLE_IDENTIFIER = "hung-chun.tsai.WonderfulPalette";
				PRODUCT_NAME = WonderfulPalette;
				SDKROOT = iphoneos;
				SWIFT_EMIT_LOC_STRINGS = YES;
				SWIFT_VERSION = 5.0;
				TARGETED_DEVICE_FAMILY = "1,2";
			};
			name = Debug;
		};
		ADC133FB28E3D86300F979E2 /* Release */ = {
			isa = XCBuildConfiguration;
			buildSettings = {
				ASSETCATALOG_COMPILER_APPICON_NAME = AppIcon;
				ASSETCATALOG_COMPILER_GLOBAL_ACCENT_COLOR_NAME = AccentColor;
				CODE_SIGN_STYLE = Automatic;
				CURRENT_PROJECT_VERSION = 1;
				DEVELOPMENT_TEAM = 9S84Q43P56;
				ENABLE_PREVIEWS = YES;
				GENERATE_INFOPLIST_FILE = YES;
				INFOPLIST_KEY_UIApplicationSceneManifest_Generation = YES;
				INFOPLIST_KEY_UIApplicationSupportsIndirectInputEvents = YES;
				INFOPLIST_KEY_UILaunchScreen_Generation = YES;
				INFOPLIST_KEY_UISupportedInterfaceOrientations_iPad = "UIInterfaceOrientationPortrait UIInterfaceOrientationPortraitUpsideDown UIInterfaceOrientationLandscapeLeft UIInterfaceOrientationLandscapeRight";
				INFOPLIST_KEY_UISupportedInterfaceOrientations_iPhone = "UIInterfaceOrientationPortrait UIInterfaceOrientationLandscapeLeft UIInterfaceOrientationLandscapeRight";
				IPHONEOS_DEPLOYMENT_TARGET = 15.2;
				LD_RUNPATH_SEARCH_PATHS = (
					"$(inherited)",
					"@executable_path/Frameworks",
				);
				MARKETING_VERSION = 1.0;
				PRODUCT_BUNDLE_IDENTIFIER = "hung-chun.tsai.WonderfulPalette";
				PRODUCT_NAME = WonderfulPalette;
				SDKROOT = iphoneos;
				SWIFT_EMIT_LOC_STRINGS = YES;
				SWIFT_VERSION = 5.0;
				TARGETED_DEVICE_FAMILY = "1,2";
				VALIDATE_PRODUCT = YES;
			};
			name = Release;
		};
/* End XCBuildConfiguration section */

/* Begin XCConfigurationList section */
		AD84201C28E74085009CCBF2 /* Build configuration list for PBXNativeTarget "WonderfulPaletteTests" */ = {
			isa = XCConfigurationList;
			buildConfigurations = (
				AD84201D28E74085009CCBF2 /* Debug */,
				AD84201E28E74085009CCBF2 /* Release */,
			);
			defaultConfigurationIsVisible = 0;
			defaultConfigurationName = Release;
		};
		ADC133DF28E3D86100F979E2 /* Build configuration list for PBXProject "WonderfulPalette" */ = {
			isa = XCConfigurationList;
			buildConfigurations = (
				ADC133F728E3D86300F979E2 /* Debug */,
				ADC133F828E3D86300F979E2 /* Release */,
			);
			defaultConfigurationIsVisible = 0;
			defaultConfigurationName = Release;
		};
		ADC133F928E3D86300F979E2 /* Build configuration list for PBXNativeTarget "WonderfulPalette (iOS)" */ = {
			isa = XCConfigurationList;
			buildConfigurations = (
				ADC133FA28E3D86300F979E2 /* Debug */,
				ADC133FB28E3D86300F979E2 /* Release */,
			);
			defaultConfigurationIsVisible = 0;
			defaultConfigurationName = Release;
		};
/* End XCConfigurationList section */
	};
	rootObject = ADC133DC28E3D86100F979E2 /* Project object */;
}
